
Microsoft Visual Studio Solution File, Format Version 12.00
# Visual Studio Version 17
VisualStudioVersion = 17.0.31606.5
MinimumVisualStudioVersion = 10.0.40219.1
Project("{FAE04EC0-301F-11D3-BF4B-00C04F79EFBC}") = "MonitorUpdateData", "MonitorUpdateData.csproj", "{DD873EAB-447C-4A64-B8B9-5D2BEAE5F926}"
EndProject
Project("{FAE04EC0-301F-11D3-BF4B-00C04F79EFBC}") = "Monitor", "..\Monitor\Monitor.csproj", "{7F4D496D-B184-4B6F-BC7E-12A7E41614B8}"
EndProject
Project("{FAE04EC0-301F-11D3-BF4B-00C04F79EFBC}") = "MonitorNew", "..\MonitorNew\MonitorNew.csproj", "{AAA61D3A-C036-4B0A-BDF6-CC8EFF17622C}"
EndProject
Global
	GlobalSection(SolutionConfigurationPlatforms) = preSolution
		Debug|Any CPU = Debug|Any CPU
		Release|Any CPU = Release|Any CPU
	EndGlobalSection
	GlobalSection(ProjectConfigurationPlatforms) = postSolution
		{DD873EAB-447C-4A64-B8B9-5D2BEAE5F926}.Debug|Any CPU.ActiveCfg = Debug|Any CPU
		{DD873EAB-447C-4A64-B8B9-5D2BEAE5F926}.Debug|Any CPU.Build.0 = Debug|Any CPU
		{DD873EAB-447C-4A64-B8B9-5D2BEAE5F926}.Release|Any CPU.ActiveCfg = Release|Any CPU
		{DD873EAB-447C-4A64-B8B9-5D2BEAE5F926}.Release|Any CPU.Build.0 = Release|Any CPU
		{7F4D496D-B184-4B6F-BC7E-12A7E41614B8}.Debug|Any CPU.ActiveCfg = Debug|Any CPU
		{7F4D496D-B184-4B6F-BC7E-12A7E41614B8}.Debug|Any CPU.Build.0 = Debug|Any CPU
		{7F4D496D-B184-4B6F-BC7E-12A7E41614B8}.Release|Any CPU.ActiveCfg = Release|Any CPU
		{7F4D496D-B184-4B6F-BC7E-12A7E41614B8}.Release|Any CPU.Build.0 = Release|Any CPU
		{AAA61D3A-C036-4B0A-BDF6-CC8EFF17622C}.Debug|Any CPU.ActiveCfg = Debug|Any CPU
		{AAA61D3A-C036-4B0A-BDF6-CC8EFF17622C}.Debug|Any CPU.Build.0 = Debug|Any CPU
		{AAA61D3A-C036-4B0A-BDF6-CC8EFF17622C}.Release|Any CPU.ActiveCfg = Release|Any CPU
		{AAA61D3A-C036-4B0A-BDF6-CC8EFF17622C}.Release|Any CPU.Build.0 = Release|Any CPU
	EndGlobalSection
	GlobalSection(SolutionProperties) = preSolution
		HideSolutionNode = FALSE
	EndGlobalSection
	GlobalSection(ExtensibilityGlobals) = postSolution
		SolutionGuid = {616AB825-8CB2-4F69-BC63-D544E566A771}
	EndGlobalSection
EndGlobal
